
Microsoft Visual Studio Solution File, Format Version 12.00
Project("{FAE04EC0-301F-11D3-BF4B-00C04F79EFBC}") = "Web", "Web\Web.csproj", "{D0482D55-DBF2-4B7F-924D-7992E13B4ED8}"
EndProject
Project("{2150E333-8FDC-42A3-9474-1A3956D46DE8}") = "Core", "Core", "{5D0FA9B6-7F6C-47A4-8893-D48984696734}"
EndProject
Project("{2150E333-8FDC-42A3-9474-1A3956D46DE8}") = "External", "External", "{9AFB07C8-0090-4281-A23E-7347906CD6D3}"
EndProject
Project("{FAE04EC0-301F-11D3-BF4B-00C04F79EFBC}") = "Domain", "Domain\Domain.csproj", "{16BF53E9-E97D-4EE1-9974-2E7EB9789566}"
EndProject
Project("{FAE04EC0-301F-11D3-BF4B-00C04F79EFBC}") = "Application", "Application\Application.csproj", "{C4B1BCD8-C7E1-4579-A5AE-8376EE9F0B89}"
EndProject
Project("{FAE04EC0-301F-11D3-BF4B-00C04F79EFBC}") = "Infrastructure", "Infrastructure\Infrastructure.csproj", "{F9690DF6-8503-4D45-AD38-C7B4A4E82260}"
EndProject
Project("{FAE04EC0-301F-11D3-BF4B-00C04F79EFBC}") = "Presentation", "Presentation\Presentation.csproj", "{C5AC5159-0643-4994-8AA3-8829A005DC97}"
EndProject
Project("{FAE04EC0-301F-11D3-BF4B-00C04F79EFBC}") = "Tests", "Tests\Tests.csproj", "{1C4B0241-AEC6-4C35-9C0E-AA50C95C4A21}"
EndProject
Global
	GlobalSection(SolutionConfigurationPlatforms) = preSolution
		Debug|Any CPU = Debug|Any CPU
		Release|Any CPU = Release|Any CPU
	EndGlobalSection
	GlobalSection(ProjectConfigurationPlatforms) = postSolution
		{D0482D55-DBF2-4B7F-924D-7992E13B4ED8}.Debug|Any CPU.ActiveCfg = Debug|Any CPU
		{D0482D55-DBF2-4B7F-924D-7992E13B4ED8}.Debug|Any CPU.Build.0 = Debug|Any CPU
		{D0482D55-DBF2-4B7F-924D-7992E13B4ED8}.Release|Any CPU.ActiveCfg = Release|Any CPU
		{D0482D55-DBF2-4B7F-924D-7992E13B4ED8}.Release|Any CPU.Build.0 = Release|Any CPU
		{16BF53E9-E97D-4EE1-9974-2E7EB9789566}.Debug|Any CPU.ActiveCfg = Debug|Any CPU
		{16BF53E9-E97D-4EE1-9974-2E7EB9789566}.Debug|Any CPU.Build.0 = Debug|Any CPU
		{16BF53E9-E97D-4EE1-9974-2E7EB9789566}.Release|Any CPU.ActiveCfg = Release|Any CPU
		{16BF53E9-E97D-4EE1-9974-2E7EB9789566}.Release|Any CPU.Build.0 = Release|Any CPU
		{C4B1BCD8-C7E1-4579-A5AE-8376EE9F0B89}.Debug|Any CPU.ActiveCfg = Debug|Any CPU
		{C4B1BCD8-C7E1-4579-A5AE-8376EE9F0B89}.Debug|Any CPU.Build.0 = Debug|Any CPU
		{C4B1BCD8-C7E1-4579-A5AE-8376EE9F0B89}.Release|Any CPU.ActiveCfg = Release|Any CPU
		{C4B1BCD8-C7E1-4579-A5AE-8376EE9F0B89}.Release|Any CPU.Build.0 = Release|Any CPU
		{F9690DF6-8503-4D45-AD38-C7B4A4E82260}.Debug|Any CPU.ActiveCfg = Debug|Any CPU
		{F9690DF6-8503-4D45-AD38-C7B4A4E82260}.Debug|Any CPU.Build.0 = Debug|Any CPU
		{F9690DF6-8503-4D45-AD38-C7B4A4E82260}.Release|Any CPU.ActiveCfg = Release|Any CPU
		{F9690DF6-8503-4D45-AD38-C7B4A4E82260}.Release|Any CPU.Build.0 = Release|Any CPU
		{C5AC5159-0643-4994-8AA3-8829A005DC97}.Debug|Any CPU.ActiveCfg = Debug|Any CPU
		{C5AC5159-0643-4994-8AA3-8829A005DC97}.Debug|Any CPU.Build.0 = Debug|Any CPU
		{C5AC5159-0643-4994-8AA3-8829A005DC97}.Release|Any CPU.ActiveCfg = Release|Any CPU
		{C5AC5159-0643-4994-8AA3-8829A005DC97}.Release|Any CPU.Build.0 = Release|Any CPU
		{1C4B0241-AEC6-4C35-9C0E-AA50C95C4A21}.Debug|Any CPU.ActiveCfg = Debug|Any CPU
		{1C4B0241-AEC6-4C35-9C0E-AA50C95C4A21}.Debug|Any CPU.Build.0 = Debug|Any CPU
		{1C4B0241-AEC6-4C35-9C0E-AA50C95C4A21}.Release|Any CPU.ActiveCfg = Release|Any CPU
		{1C4B0241-AEC6-4C35-9C0E-AA50C95C4A21}.Release|Any CPU.Build.0 = Release|Any CPU
	EndGlobalSection
	GlobalSection(NestedProjects) = preSolution
		{16BF53E9-E97D-4EE1-9974-2E7EB9789566} = {5D0FA9B6-7F6C-47A4-8893-D48984696734}
		{C4B1BCD8-C7E1-4579-A5AE-8376EE9F0B89} = {5D0FA9B6-7F6C-47A4-8893-D48984696734}
		{F9690DF6-8503-4D45-AD38-C7B4A4E82260} = {9AFB07C8-0090-4281-A23E-7347906CD6D3}
		{C5AC5159-0643-4994-8AA3-8829A005DC97} = {9AFB07C8-0090-4281-A23E-7347906CD6D3}
	EndGlobalSection
EndGlobal
